
Microsoft Visual Studio Solution File, Format Version 12.00
# Visual Studio Version 17
VisualStudioVersion = 17.8.34330.188
MinimumVisualStudioVersion = 10.0.40219.1
Project("{FAE04EC0-301F-11D3-BF4B-00C04F79EFBC}") = "ClassyBotMaker", "ClassyBotMaker\ClassyBotMaker.csproj", "{CE39B3F6-0039-4008-B8A1-92B39F937A16}"
EndProject
Global
	GlobalSection(SolutionConfigurationPlatforms) = preSolution
		Debug|Any CPU = Debug|Any CPU
		Release|Any CPU = Release|Any CPU
	EndGlobalSection
	GlobalSection(ProjectConfigurationPlatforms) = postSolution
		{CE39B3F6-0039-4008-B8A1-92B39F937A16}.Debug|Any CPU.ActiveCfg = Debug|Any CPU
		{CE39B3F6-0039-4008-B8A1-92B39F937A16}.Debug|Any CPU.Build.0 = Debug|Any CPU
		{CE39B3F6-0039-4008-B8A1-92B39F937A16}.Release|Any CPU.ActiveCfg = Release|Any CPU
		{CE39B3F6-0039-4008-B8A1-92B39F937A16}.Release|Any CPU.Build.0 = Release|Any CPU
	EndGlobalSection
	GlobalSection(SolutionProperties) = preSolution
		HideSolutionNode = FALSE
	EndGlobalSection
	GlobalSection(ExtensibilityGlobals) = postSolution
		SolutionGuid = {10925D99-C520-46CB-B527-D71E7626924E}
	EndGlobalSection
EndGlobal
